
Microsoft Visual Studio Solution File, Format Version 12.00
# Visual Studio Version 16
VisualStudioVersion = 16.0.30626.31
MinimumVisualStudioVersion = 10.0.40219.1
Project("{9A19103F-16F7-4668-BE54-9A1E7A4F7556}") = "Netcoreconf.Keyvault", "Netcoreconf.Keyvault.Console\Netcoreconf.Keyvault.csproj", "{24B160C3-32D3-4014-BE54-EB2755A6C3F9}"
EndProject
Project("{9A19103F-16F7-4668-BE54-9A1E7A4F7556}") = "Netcoreconf.Keyvault.Api", "Netcoreconf.Keyvault.Api\Netcoreconf.Keyvault.Api.csproj", "{AF9AC921-7F9F-4E8E-A2BC-8904A58C21B6}"
EndProject
Project("{2150E333-8FDC-42A3-9474-1A3956D46DE8}") = "Console SDK", "Console SDK", "{30BA3F9B-82F7-4323-B9AA-0F9C61389A79}"
EndProject
Project("{2150E333-8FDC-42A3-9474-1A3956D46DE8}") = "ASP.NET", "ASP.NET", "{9CD6947C-D102-4781-B5AC-457D6982F87E}"
EndProject
Global
	GlobalSection(SolutionConfigurationPlatforms) = preSolution
		Debug|Any CPU = Debug|Any CPU
		Release|Any CPU = Release|Any CPU
	EndGlobalSection
	GlobalSection(ProjectConfigurationPlatforms) = postSolution
		{24B160C3-32D3-4014-BE54-EB2755A6C3F9}.Debug|Any CPU.ActiveCfg = Debug|Any CPU
		{24B160C3-32D3-4014-BE54-EB2755A6C3F9}.Debug|Any CPU.Build.0 = Debug|Any CPU
		{24B160C3-32D3-4014-BE54-EB2755A6C3F9}.Release|Any CPU.ActiveCfg = Release|Any CPU
		{24B160C3-32D3-4014-BE54-EB2755A6C3F9}.Release|Any CPU.Build.0 = Release|Any CPU
		{AF9AC921-7F9F-4E8E-A2BC-8904A58C21B6}.Debug|Any CPU.ActiveCfg = Debug|Any CPU
		{AF9AC921-7F9F-4E8E-A2BC-8904A58C21B6}.Debug|Any CPU.Build.0 = Debug|Any CPU
		{AF9AC921-7F9F-4E8E-A2BC-8904A58C21B6}.Release|Any CPU.ActiveCfg = Release|Any CPU
		{AF9AC921-7F9F-4E8E-A2BC-8904A58C21B6}.Release|Any CPU.Build.0 = Release|Any CPU
	EndGlobalSection
	GlobalSection(SolutionProperties) = preSolution
		HideSolutionNode = FALSE
	EndGlobalSection
	GlobalSection(NestedProjects) = preSolution
		{24B160C3-32D3-4014-BE54-EB2755A6C3F9} = {30BA3F9B-82F7-4323-B9AA-0F9C61389A79}
		{AF9AC921-7F9F-4E8E-A2BC-8904A58C21B6} = {9CD6947C-D102-4781-B5AC-457D6982F87E}
	EndGlobalSection
	GlobalSection(ExtensibilityGlobals) = postSolution
		SolutionGuid = {C027221C-71A6-45C4-A0B3-6D5397BBAE58}
	EndGlobalSection
EndGlobal
